NeoBundleLock ctrlp.vim 7f74368d85bb521951dd58123349ce66b947d058
NeoBundleLock neobundle.vim 2634caebef78bab90b52ee246130a4b100d6e229
NeoBundleLock nerdtree 4ebbb533c3faf2c480211db2b547972bb3b60f2b
NeoBundleLock syntastic d1a179d750bd1d136d7f38e69f2c5b8439886de7
NeoBundleLock vim-autoclose a9a3b7384657bc1f60a963fd6c08c63fc48d61c3
NeoBundleLock vim-tags e75dea76e488d9208ed73c53c46a4abee2695115
